// !$*UTF8*$!
{
	archiveVersion = 1;
	classes = {
	};
	objectVersion = 56;
	objects = {

/* Begin PBXBuildFile section */
		8F2208032962DEE60083F8BC /* SentimentalistApp.swift in Sources */ = {isa = PBXBuildFile; fileRef = 8F2208022962DEE60083F8BC /* SentimentalistApp.swift */; };
		8F2208052962DEE60083F8BC /* ContentView.swift in Sources */ = {isa = PBXBuildFile; fileRef = 8F2208042962DEE60083F8BC /* ContentView.swift */; };
		8F2208072962DEE90083F8BC /* Assets.xcassets in Resources */ = {isa = PBXBuildFile; fileRef = 8F2208062962DEE90083F8BC /* Assets.xcassets */; };
		8F2208142962DEE90083F8BC /* SentimentalistTests.swift in Sources */ = {isa = PBXBuildFile; fileRef = 8F2208132962DEE90083F8BC /* SentimentalistTests.swift */; };
/* End PBXBuildFile section */

/* Begin PBXContainerItemProxy section */
		8F2208102962DEE90083F8BC /* PBXContainerItemProxy */ = {
			isa = PBXContainerItemProxy;
			containerPortal = 8F2207F72962DEE60083F8BC /* Project object */;
			proxyType = 1;
			remoteGlobalIDString = 8F2207FE2962DEE60083F8BC;
			remoteInfo = Sentimentalist;
		};
		8F22081A2962DEE90083F8BC /* PBXContainerItemProxy */ = {
			isa = PBXContainerItemProxy;
			containerPortal = 8F2207F72962DEE60083F8BC /* Project object */;
			proxyType = 1;
			remoteGlobalIDString = 8F2207FE2962DEE60083F8BC;
			remoteInfo = Sentimentalist;
		};
/* End PBXContainerItemProxy section */

/* Begin PBXFileReference section */
		8F2207FF2962DEE60083F8BC /* Sentimentalist.app */ = {isa = PBXFileReference; explicitFileType = wrapper.application; includeInIndex = 0; path = Sentimentalist.app; sourceTree = BUILT_PRODUCTS_DIR; };
		8F2208022962DEE60083F8BC /* SentimentalistApp.swift */ = {isa = PBXFileReference; lastKnownFileType = sourcecode.swift; path = SentimentalistApp.swift; sourceTree = "<group>"; };
		8F2208042962DEE60083F8BC /* ContentView.swift */ = {isa = PBXFileReference; lastKnownFileType = sourcecode.swift; path = ContentView.swift; sourceTree = "<group>"; };
		8F2208062962DEE90083F8BC /* Assets.xcassets */ = {isa = PBXFileReference; lastKnownFileType = folder.assetcatalog; path = Assets.xcassets; sourceTree = "<group>"; };
		8F22080F2962DEE90083F8BC /* SentimentalistTests.xctest */ = {isa = PBXFileReference; explicitFileType = wrapper.cfbundle; includeInIndex = 0; path = SentimentalistTests.xctest; sourceTree = BUILT_PRODUCTS_DIR; };
		8F2208132962DEE90083F8BC /* SentimentalistTests.swift */ = {isa = PBXFileReference; lastKnownFileType = sourcecode.swift; path = SentimentalistTests.swift; sourceTree = "<group>"; };
		8F2208192962DEE90083F8BC /* SentimentalistUITests.xctest */ = {isa = PBXFileReference; explicitFileType = wrapper.cfbundle; includeInIndex = 0; path = SentimentalistUITests.xctest; sourceTree = BUILT_PRODUCTS_DIR; };
/* End PBXFileReference section */

/* Begin PBXFrameworksBuildPhase section */
		8F2207FC2962DEE60083F8BC /* Frameworks */ = {
			isa = PBXFrameworksBuildPhase;
			buildActionMask = 2147483647;
			files = (
			);
			runOnlyForDeploymentPostprocessing = 0;
		};
		8F22080C2962DEE90083F8BC /* Frameworks */ = {
			isa = PBXFrameworksBuildPhase;
			buildActionMask = 2147483647;
			files = (
			);
			runOnlyForDeploymentPostprocessing = 0;
		};
		8F2208162962DEE90083F8BC /* Frameworks */ = {
			isa = PBXFrameworksBuildPhase;
			buildActionMask = 2147483647;
			files = (
			);
			runOnlyForDeploymentPostprocessing = 0;
		};
/* End PBXFrameworksBuildPhase section */

/* Begin PBXGroup section */
		8F2207F62962DEE60083F8BC = {
			isa = PBXGroup;
			children = (
				8F2208012962DEE60083F8BC /* Sentimentalist */,
				8F2208122962DEE90083F8BC /* SentimentalistTests */,
				8F2208002962DEE60083F8BC /* Products */,
			);
			sourceTree = "<group>";
		};
		8F2208002962DEE60083F8BC /* Products */ = {
			isa = PBXGroup;
			children = (
				8F2207FF2962DEE60083F8BC /* Sentimentalist.app */,
				8F22080F2962DEE90083F8BC /* SentimentalistTests.xctest */,
				8F2208192962DEE90083F8BC /* SentimentalistUITests.xctest */,
			);
			name = Products;
			sourceTree = "<group>";
		};
		8F2208012962DEE60083F8BC /* Sentimentalist */ = {
			isa = PBXGroup;
			children = (
				8F2208022962DEE60083F8BC /* SentimentalistApp.swift */,
				8F2208042962DEE60083F8BC /* ContentView.swift */,
				8F2208062962DEE90083F8BC /* Assets.xcassets */,
			);
			path = Sentimentalist;
			sourceTree = "<group>";
		};
		8F2208122962DEE90083F8BC /* SentimentalistTests */ = {
			isa = PBXGroup;
			children = (
				8F2208132962DEE90083F8BC /* SentimentalistTests.swift */,
			);
			path = SentimentalistTests;
			sourceTree = "<group>";
		};
/* End PBXGroup section */

/* Begin PBXNativeTarget section */
		8F2207FE2962DEE60083F8BC /* Sentimentalist */ = {
			isa = PBXNativeTarget;
			buildConfigurationList = 8F2208232962DEE90083F8BC /* Build configuration list for PBXNativeTarget "Sentimentalist" */;
			buildPhases = (
				8F2207FB2962DEE60083F8BC /* Sources */,
				8F2207FC2962DEE60083F8BC /* Frameworks */,
				8F2207FD2962DEE60083F8BC /* Resources */,
			);
			buildRules = (
			);
			dependencies = (
			);
			name = Sentimentalist;
			productName = Sentimentalist;
			productReference = 8F2207FF2962DEE60083F8BC /* Sentimentalist.app */;
			productType = "com.apple.product-type.application";
		};
		8F22080E2962DEE90083F8BC /* SentimentalistTests */ = {
			isa = PBXNativeTarget;
			buildConfigurationList = 8F2208262962DEE90083F8BC /* Build configuration list for PBXNativeTarget "SentimentalistTests" */;
			buildPhases = (
				8F22080B2962DEE90083F8BC /* Sources */,
				8F22080C2962DEE90083F8BC /* Frameworks */,
				8F22080D2962DEE90083F8BC /* Resources */,
			);
			buildRules = (
			);
			dependencies = (
				8F2208112962DEE90083F8BC /* PBXTargetDependency */,
			);
			name = SentimentalistTests;
			productName = SentimentalistTests;
			productReference = 8F22080F2962DEE90083F8BC /* SentimentalistTests.xctest */;
			productType = "com.apple.product-type.bundle.unit-test";
		};
		8F2208182962DEE90083F8BC /* SentimentalistUITests */ = {
			isa = PBXNativeTarget;
			buildConfigurationList = 8F2208292962DEE90083F8BC /* Build configuration list for PBXNativeTarget "SentimentalistUITests" */;
			buildPhases = (
				8F2208152962DEE90083F8BC /* Sources */,
				8F2208162962DEE90083F8BC /* Frameworks */,
				8F2208172962DEE90083F8BC /* Resources */,
			);
			buildRules = (
			);
			dependencies = (
				8F22081B2962DEE90083F8BC /* PBXTargetDependency */,
			);
			name = SentimentalistUITests;
			productName = SentimentalistUITests;
			productReference = 8F2208192962DEE90083F8BC /* SentimentalistUITests.xctest */;
			productType = "com.apple.product-type.bundle.ui-testing";
		};
/* End PBXNativeTarget section */

/* Begin PBXProject section */
		8F2207F72962DEE60083F8BC /* Project object */ = {
			isa = PBXProject;
			attributes = {
				BuildIndependentTargetsInParallel = 1;
				LastSwiftUpdateCheck = 1420;
				LastUpgradeCheck = 1420;
				TargetAttributes = {
					8F2207FE2962DEE60083F8BC = {
						CreatedOnToolsVersion = 14.2;
					};
					8F22080E2962DEE90083F8BC = {
						CreatedOnToolsVersion = 14.2;
						TestTargetID = 8F2207FE2962DEE60083F8BC;
					};
					8F2208182962DEE90083F8BC = {
						CreatedOnToolsVersion = 14.2;
						TestTargetID = 8F2207FE2962DEE60083F8BC;
					};
				};
			};
			buildConfigurationList = 8F2207FA2962DEE60083F8BC /* Build configuration list for PBXProject "Sentimentalist" */;
			compatibilityVersion = "Xcode 14.0";
			developmentRegion = en;
			hasScannedForEncodings = 0;
			knownRegions = (
				en,
				Base,
			);
			mainGroup = 8F2207F62962DEE60083F8BC;
			productRefGroup = 8F2208002962DEE60083F8BC /* Products */;
			projectDirPath = "";
			projectRoot = "";
			targets = (
				8F2207FE2962DEE60083F8BC /* Sentimentalist */,
				8F22080E2962DEE90083F8BC /* SentimentalistTests */,
				8F2208182962DEE90083F8BC /* SentimentalistUITests */,
			);
		};
/* End PBXProject section */

/* Begin PBXResourcesBuildPhase section */
		8F2207FD2962DEE60083F8BC /* Resources */ = {
			isa = PBXResourcesBuildPhase;
			buildActionMask = 2147483647;
			files = (
				8F2208072962DEE90083F8BC /* Assets.xcassets in Resources */,
			);
			runOnlyForDeploymentPostprocessing = 0;
		};
		8F22080D2962DEE90083F8BC /* Resources */ = {
			isa = PBXResourcesBuildPhase;
			buildActionMask = 2147483647;
			files = (
			);
			runOnlyForDeploymentPostprocessing = 0;
		};
		8F2208172962DEE90083F8BC /* Resources */ = {
			isa = PBXResourcesBuildPhase;
			buildActionMask = 2147483647;
			files = (
			);
			runOnlyForDeploymentPostprocessing = 0;
		};
/* End PBXResourcesBuildPhase section */

/* Begin PBXSourcesBuildPhase section */
		8F2207FB2962DEE60083F8BC /* Sources */ = {
			isa = PBXSourcesBuildPhase;
			buildActionMask = 2147483647;
			files = (
				8F2208052962DEE60083F8BC /* ContentView.swift in Sources */,
				8F2208032962DEE60083F8BC /* SentimentalistApp.swift in Sources */,
			);
			runOnlyForDeploymentPostprocessing = 0;
		};
		8F22080B2962DEE90083F8BC /* Sources */ = {
			isa = PBXSourcesBuildPhase;
			buildActionMask = 2147483647;
			files = (
				8F2208142962DEE90083F8BC /* SentimentalistTests.swift in Sources */,
			);
			runOnlyForDeploymentPostprocessing = 0;
		};
		8F2208152962DEE90083F8BC /* Sources */ = {
			isa = PBXSourcesBuildPhase;
			buildActionMask = 2147483647;
			files = (
			);
			runOnlyForDeploymentPostprocessing = 0;
		};
/* End PBXSourcesBuildPhase section */

/* Begin PBXTargetDependency section */
		8F2208112962DEE90083F8BC /* PBXTargetDependency */ = {
			isa = PBXTargetDependency;
			target = 8F2207FE2962DEE60083F8BC /* Sentimentalist */;
			targetProxy = 8F2208102962DEE90083F8BC /* PBXContainerItemProxy */;
		};
		8F22081B2962DEE90083F8BC /* PBXTargetDependency */ = {
			isa = PBXTargetDependency;
			target = 8F2207FE2962DEE60083F8BC /* Sentimentalist */;
			targetProxy = 8F22081A2962DEE90083F8BC /* PBXContainerItemProxy */;
		};
/* End PBXTargetDependency section */

/* Begin XCBuildConfiguration section */
		8F2208212962DEE90083F8BC /* Debug */ = {
			isa = XCBuildConfiguration;
			buildSettings = {
				ALWAYS_SEARCH_USER_PATHS = NO;
				CLANG_ANALYZER_NONNULL = YES;
				CLANG_ANALYZER_NUMBER_OBJECT_CONVERSION = YES_AGGRESSIVE;
				CLANG_CXX_LANGUAGE_STANDARD = "gnu++20";
				CLANG_ENABLE_MODULES = YES;
				CLANG_ENABLE_OBJC_ARC = YES;
				CLANG_ENABLE_OBJC_WEAK = YES;
				CLANG_WARN_BLOCK_CAPTURE_AUTORELEASING = YES;
				CLANG_WARN_BOOL_CONVERSION = YES;
				CLANG_WARN_COMMA = YES;
				CLANG_WARN_CONSTANT_CONVERSION = YES;
				CLANG_WARN_DEPRECATED_OBJC_IMPLEMENTATIONS = YES;
				CLANG_WARN_DIRECT_OBJC_ISA_USAGE = YES_ERROR;
				CLANG_WARN_DOCUMENTATION_COMMENTS = YES;
				CLANG_WARN_EMPTY_BODY = YES;
				CLANG_WARN_ENUM_CONVERSION = YES;
				CLANG_WARN_INFINITE_RECURSION = YES;
				CLANG_WARN_INT_CONVERSION = YES;
				CLANG_WARN_NON_LITERAL_NULL_CONVERSION = YES;
				CLANG_WARN_OBJC_IMPLICIT_RETAIN_SELF = YES;
				CLANG_WARN_OBJC_LITERAL_CONVERSION = YES;
				CLANG_WARN_OBJC_ROOT_CLASS = YES_ERROR;
				CLANG_WARN_QUOTED_INCLUDE_IN_FRAMEWORK_HEADER = YES;
				CLANG_WARN_RANGE_LOOP_ANALYSIS = YES;
				CLANG_WARN_STRICT_PROTOTYPES = YES;
				CLANG_WARN_SUSPICIOUS_MOVE = YES;
				CLANG_WARN_UNGUARDED_AVAILABILITY = YES_AGGRESSIVE;
				CLANG_WARN_UNREACHABLE_CODE = YES;
				CLANG_WARN__DUPLICATE_METHOD_MATCH = YES;
				COPY_PHASE_STRIP = NO;
				DEBUG_INFORMATION_FORMAT = dwarf;
				ENABLE_STRICT_OBJC_MSGSEND = YES;
				ENABLE_TESTABILITY = YES;
				GCC_C_LANGUAGE_STANDARD = gnu11;
				GCC_DYNAMIC_NO_PIC = NO;
				GCC_NO_COMMON_BLOCKS = YES;
				GCC_OPTIMIZATION_LEVEL = 0;
				GCC_PREPROCESSOR_DEFINITIONS = (
					"DEBUG=1",
					"$(inherited)",
				);
				GCC_WARN_64_TO_32_BIT_CONVERSION = YES;
				GCC_WARN_ABOUT_RETURN_TYPE = YES_ERROR;
				GCC_WARN_UNDECLARED_SELECTOR = YES;
				GCC_WARN_UNINITIALIZED_AUTOS = YES_AGGRESSIVE;
				GCC_WARN_UNUSED_FUNCTION = YES;
				GCC_WARN_UNUSED_VARIABLE = YES;
				IPHONEOS_DEPLOYMENT_TARGET = 16.2;
				MTL_ENABLE_DEBUG_INFO = INCLUDE_SOURCE;
				MTL_FAST_MATH = YES;
				ONLY_ACTIVE_ARCH = YES;
				SDKROOT = iphoneos;
				SWIFT_ACTIVE_COMPILATION_CONDITIONS = DEBUG;
				SWIFT_OPTIMIZATION_LEVEL = "-Onone";
			};
			name = Debug;
		};
		8F2208222962DEE90083F8BC /* Release */ = {
			isa = XCBuildConfiguration;
			buildSettings = {
				ALWAYS_SEARCH_USER_PATHS = NO;
				CLANG_ANALYZER_NONNULL = YES;
				CLANG_ANALYZER_NUMBER_OBJECT_CONVERSION = YES_AGGRESSIVE;
				CLANG_CXX_LANGUAGE_STANDARD = "gnu++20";
				CLANG_ENABLE_MODULES = YES;
				CLANG_ENABLE_OBJC_ARC = YES;
				CLANG_ENABLE_OBJC_WEAK = YES;
				CLANG_WARN_BLOCK_CAPTURE_AUTORELEASING = YES;
				CLANG_WARN_BOOL_CONVERSION = YES;
				CLANG_WARN_COMMA = YES;
				CLANG_WARN_CONSTANT_CONVERSION = YES;
				CLANG_WARN_DEPRECATED_OBJC_IMPLEMENTATIONS = YES;
				CLANG_WARN_DIRECT_OBJC_ISA_USAGE = YES_ERROR;
				CLANG_WARN_DOCUMENTATION_COMMENTS = YES;
				CLANG_WARN_EMPTY_BODY = YES;
				CLANG_WARN_ENUM_CONVERSION = YES;
				CLANG_WARN_INFINITE_RECURSION = YES;
				CLANG_WARN_INT_CONVERSION = YES;
				CLANG_WARN_NON_LITERAL_NULL_CONVERSION = YES;
				CLANG_WARN_OBJC_IMPLICIT_RETAIN_SELF = YES;
				CLANG_WARN_OBJC_LITERAL_CONVERSION = YES;
				CLANG_WARN_OBJC_ROOT_CLASS = YES_ERROR;
				CLANG_WARN_QUOTED_INCLUDE_IN_FRAMEWORK_HEADER = YES;
				CLANG_WARN_RANGE_LOOP_ANALYSIS = YES;
				CLANG_WARN_STRICT_PROTOTYPES = YES;
				CLANG_WARN_SUSPICIOUS_MOVE = YES;
				CLANG_WARN_UNGUARDED_AVAILABILITY = YES_AGGRESSIVE;
				CLANG_WARN_UNREACHABLE_CODE = YES;
				CLANG_WARN__DUPLICATE_METHOD_MATCH = YES;
				COPY_PHASE_STRIP = NO;
				DEBUG_INFORMATION_FORMAT = "dwarf-with-dsym";
				ENABLE_NS_ASSERTIONS = NO;
				ENABLE_STRICT_OBJC_MSGSEND = YES;
				GCC_C_LANGUAGE_STANDARD = gnu11;
				GCC_NO_COMMON_BLOCKS = YES;
				GCC_WARN_64_TO_32_BIT_CONVERSION = YES;
				GCC_WARN_ABOUT_RETURN_TYPE = YES_ERROR;
				GCC_WARN_UNDECLARED_SELECTOR = YES;
				GCC_WARN_UNINITIALIZED_AUTOS = YES_AGGRESSIVE;
				GCC_WARN_UNUSED_FUNCTION = YES;
				GCC_WARN_UNUSED_VARIABLE = YES;
				IPHONEOS_DEPLOYMENT_TARGET = 16.2;
				MTL_ENABLE_DEBUG_INFO = NO;
				MTL_FAST_MATH = YES;
				SDKROOT = iphoneos;
				SWIFT_COMPILATION_MODE = wholemodule;
				SWIFT_OPTIMIZATION_LEVEL = "-O";
				VALIDATE_PRODUCT = YES;
			};
			name = Release;
		};
		8F2208242962DEE90083F8BC /* Debug */ = {
			isa = XCBuildConfiguration;
			buildSettings = {
				ASSETCATALOG_COMPILER_APPICON_NAME = AppIcon;
				ASSETCATALOG_COMPILER_GLOBAL_ACCENT_COLOR_NAME = AccentColor;
				CODE_SIGN_STYLE = Automatic;
				CURRENT_PROJECT_VERSION = 1;
				DEVELOPMENT_TEAM = ZHPV4CE24U;
				ENABLE_PREVIEWS = YES;
				GENERATE_INFOPLIST_FILE = YES;
				INFOPLIST_KEY_UIApplicationSceneManifest_Generation = YES;
				INFOPLIST_KEY_UIApplicationSupportsIndirectInputEvents = YES;
				INFOPLIST_KEY_UILaunchScreen_Generation = YES;
				INFOPLIST_KEY_UISupportedInterfaceOrientations_iPad = "UIInterfaceOrientationPortrait UIInterfaceOrientationPortraitUpsideDown UIInterfaceOrientationLandscapeLeft UIInterfaceOrientationLandscapeRight";
				INFOPLIST_KEY_UISupportedInterfaceOrientations_iPhone = "UIInterfaceOrientationPortrait UIInterfaceOrientationLandscapeLeft UIInterfaceOrientationLandscapeRight";
				LD_RUNPATH_SEARCH_PATHS = (
					"$(inherited)",
					"@executable_path/Frameworks",
				);
				MARKETING_VERSION = 1.0;
				PRODUCT_BUNDLE_IDENTIFIER = com.thesmythgroup.Sentimentalist;
				PRODUCT_NAME = "$(TARGET_NAME)";
				SWIFT_EMIT_LOC_STRINGS = YES;
				SWIFT_VERSION = 5.0;
				TARGETED_DEVICE_FAMILY = "1,2";
			};
			name = Debug;
		};
		8F2208252962DEE90083F8BC /* Release */ = {
			isa = XCBuildConfiguration;
			buildSettings = {
				ASSETCATALOG_COMPILER_APPICON_NAME = AppIcon;
				ASSETCATALOG_COMPILER_GLOBAL_ACCENT_COLOR_NAME = AccentColor;
				CODE_SIGN_STYLE = Automatic;
				CURRENT_PROJECT_VERSION = 1;
				DEVELOPMENT_TEAM = ZHPV4CE24U;
				ENABLE_PREVIEWS = YES;
				GENERATE_INFOPLIST_FILE = YES;
				INFOPLIST_KEY_UIApplicationSceneManifest_Generation = YES;
				INFOPLIST_KEY_UIApplicationSupportsIndirectInputEvents = YES;
				INFOPLIST_KEY_UILaunchScreen_Generation = YES;
				INFOPLIST_KEY_UISupportedInterfaceOrientations_iPad = "UIInterfaceOrientationPortrait UIInterfaceOrientationPortraitUpsideDown UIInterfaceOrientationLandscapeLeft UIInterfaceOrientationLandscapeRight";
				INFOPLIST_KEY_UISupportedInterfaceOrientations_iPhone = "UIInterfaceOrientationPortrait UIInterfaceOrientationLandscapeLeft UIInterfaceOrientationLandscapeRight";
				LD_RUNPATH_SEARCH_PATHS = (
					"$(inherited)",
					"@executable_path/Frameworks",
				);
				MARKETING_VERSION = 1.0;
				PRODUCT_BUNDLE_IDENTIFIER = com.thesmythgroup.Sentimentalist;
				PRODUCT_NAME = "$(TARGET_NAME)";
				SWIFT_EMIT_LOC_STRINGS = YES;
				SWIFT_VERSION = 5.0;
				TARGETED_DEVICE_FAMILY = "1,2";
			};
			name = Release;
		};
		8F2208272962DEE90083F8BC /* Debug */ = {
			isa = XCBuildConfiguration;
			buildSettings = {
				ALWAYS_EMBED_SWIFT_STANDARD_LIBRARIES = YES;
				BUNDLE_LOADER = "$(TEST_HOST)";
				CODE_SIGN_STYLE = Automatic;
				CURRENT_PROJECT_VERSION = 1;
				DEVELOPMENT_TEAM = ZHPV4CE24U;
				GENERATE_INFOPLIST_FILE = YES;
				IPHONEOS_DEPLOYMENT_TARGET = 16.2;
				MARKETING_VERSION = 1.0;
				PRODUCT_BUNDLE_IDENTIFIER = com.thesmythgroup.SentimentalistTests;
				PRODUCT_NAME = "$(TARGET_NAME)";
				SWIFT_EMIT_LOC_STRINGS = NO;
				SWIFT_VERSION = 5.0;
				TARGETED_DEVICE_FAMILY = "1,2";
				TEST_HOST = "$(BUILT_PRODUCTS_DIR)/Sentimentalist.app/$(BUNDLE_EXECUTABLE_FOLDER_PATH)/Sentimentalist";
			};
			name = Debug;
		};
		8F2208282962DEE90083F8BC /* Release */ = {
			isa = XCBuildConfiguration;
			buildSettings = {
				ALWAYS_EMBED_SWIFT_STANDARD_LIBRARIES = YES;
				BUNDLE_LOADER = "$(TEST_HOST)";
				CODE_SIGN_STYLE = Automatic;
				CURRENT_PROJECT_VERSION = 1;
				DEVELOPMENT_TEAM = ZHPV4CE24U;
				GENERATE_INFOPLIST_FILE = YES;
				IPHONEOS_DEPLOYMENT_TARGET = 16.2;
				MARKETING_VERSION = 1.0;
				PRODUCT_BUNDLE_IDENTIFIER = com.thesmythgroup.SentimentalistTests;
				PRODUCT_NAME = "$(TARGET_NAME)";
				SWIFT_EMIT_LOC_STRINGS = NO;
				SWIFT_VERSION = 5.0;
				TARGETED_DEVICE_FAMILY = "1,2";
				TEST_HOST = "$(BUILT_PRODUCTS_DIR)/Sentimentalist.app/$(BUNDLE_EXECUTABLE_FOLDER_PATH)/Sentimentalist";
			};
			name = Release;
		};
		8F22082A2962DEE90083F8BC /* Debug */ = {
			isa = XCBuildConfiguration;
			buildSettings = {
				ALWAYS_EMBED_SWIFT_STANDARD_LIBRARIES = YES;
				CODE_SIGN_STYLE = Automatic;
				CURRENT_PROJECT_VERSION = 1;
				DEVELOPMENT_TEAM = ZHPV4CE24U;
				GENERATE_INFOPLIST_FILE = YES;
				MARKETING_VERSION = 1.0;
				PRODUCT_BUNDLE_IDENTIFIER = com.thesmythgroup.SentimentalistUITests;
				PRODUCT_NAME = "$(TARGET_NAME)";
				SWIFT_EMIT_LOC_STRINGS = NO;
				SWIFT_VERSION = 5.0;
				TARGETED_DEVICE_FAMILY = "1,2";
				TEST_TARGET_NAME = Sentimentalist;
			};
			name = Debug;
		};
		8F22082B2962DEE90083F8BC /* Release */ = {
			isa = XCBuildConfiguration;
			buildSettings = {
				ALWAYS_EMBED_SWIFT_STANDARD_LIBRARIES = YES;
				CODE_SIGN_STYLE = Automatic;
				CURRENT_PROJECT_VERSION = 1;
				DEVELOPMENT_TEAM = ZHPV4CE24U;
				GENERATE_INFOPLIST_FILE = YES;
				MARKETING_VERSION = 1.0;
				PRODUCT_BUNDLE_IDENTIFIER = com.thesmythgroup.SentimentalistUITests;
				PRODUCT_NAME = "$(TARGET_NAME)";
				SWIFT_EMIT_LOC_STRINGS = NO;
				SWIFT_VERSION = 5.0;
				TARGETED_DEVICE_FAMILY = "1,2";
				TEST_TARGET_NAME = Sentimentalist;
			};
			name = Release;
		};
/* End XCBuildConfiguration section */

/* Begin XCConfigurationList section */
		8F2207FA2962DEE60083F8BC /* Build configuration list for PBXProject "Sentimentalist" */ = {
			isa = XCConfigurationList;
			buildConfigurations = (
				8F2208212962DEE90083F8BC /* Debug */,
				8F2208222962DEE90083F8BC /* Release */,
			);
			defaultConfigurationIsVisible = 0;
			defaultConfigurationName = Release;
		};
		8F2208232962DEE90083F8BC /* Build configuration list for PBXNativeTarget "Sentimentalist" */ = {
			isa = XCConfigurationList;
			buildConfigurations = (
				8F2208242962DEE90083F8BC /* Debug */,
				8F2208252962DEE90083F8BC /* Release */,
			);
			defaultConfigurationIsVisible = 0;
			defaultConfigurationName = Release;
		};
		8F2208262962DEE90083F8BC /* Build configuration list for PBXNativeTarget "SentimentalistTests" */ = {
			isa = XCConfigurationList;
			buildConfigurations = (
				8F2208272962DEE90083F8BC /* Debug */,
				8F2208282962DEE90083F8BC /* Release */,
			);
			defaultConfigurationIsVisible = 0;
			defaultConfigurationName = Release;
		};
		8F2208292962DEE90083F8BC /* Build configuration list for PBXNativeTarget "SentimentalistUITests" */ = {
			isa = XCConfigurationList;
			buildConfigurations = (
				8F22082A2962DEE90083F8BC /* Debug */,
				8F22082B2962DEE90083F8BC /* Release */,
			);
			defaultConfigurationIsVisible = 0;
			defaultConfigurationName = Release;
		};
/* End XCConfigurationList section */
	};
	rootObject = 8F2207F72962DEE60083F8BC /* Project object */;
}
